
Microsoft Visual Studio Solution File, Format Version 12.00
# Visual Studio Version 16
VisualStudioVersion = 16.0.29613.14
MinimumVisualStudioVersion = 10.0.40219.1
Project("{9A19103F-16F7-4668-BE54-9A1E7A4F7556}") = "SortDates", "SortDates\SortDates.csproj", "{A65E57BD-CD40-47DF-A177-80E1B8908300}"
EndProject
Project("{9A19103F-16F7-4668-BE54-9A1E7A4F7556}") = "FizzBazz", "FizzBazz\FizzBazz.csproj", "{4F6B55BA-BA5D-46E3-9D99-F863F385660A}"
EndProject
Project("{9A19103F-16F7-4668-BE54-9A1E7A4F7556}") = "ReverseWords01", "ReverseWords01\ReverseWords01.csproj", "{9EBC953E-0F23-4DA5-BCAB-DA9DC62EC1F4}"
EndProject
Project("{9A19103F-16F7-4668-BE54-9A1E7A4F7556}") = "ReverseWords02", "ReverseWords02\ReverseWords02.csproj", "{1DC52963-34FA-4006-8572-9BC69B88B0FF}"
EndProject
Project("{9A19103F-16F7-4668-BE54-9A1E7A4F7556}") = "ArrayCompair01", "ArrayCompair01\ArrayCompair01.csproj", "{761336B4-FA71-4CC6-8ED0-FA78A69BC875}"
EndProject
Project("{FAE04EC0-301F-11D3-BF4B-00C04F79EFBC}") = "SmallestPositiveInteger", "SmallestPositiveInteger\SmallestPositiveInteger.csproj", "{B6072CF9-AC5E-4C65-AD58-C1A6F736AC3F}"
EndProject
Global
	GlobalSection(SolutionConfigurationPlatforms) = preSolution
		Debug|Any CPU = Debug|Any CPU
		Release|Any CPU = Release|Any CPU
	EndGlobalSection
	GlobalSection(ProjectConfigurationPlatforms) = postSolution
		{A65E57BD-CD40-47DF-A177-80E1B8908300}.Debug|Any CPU.ActiveCfg = Debug|Any CPU
		{A65E57BD-CD40-47DF-A177-80E1B8908300}.Debug|Any CPU.Build.0 = Debug|Any CPU
		{A65E57BD-CD40-47DF-A177-80E1B8908300}.Release|Any CPU.ActiveCfg = Release|Any CPU
		{A65E57BD-CD40-47DF-A177-80E1B8908300}.Release|Any CPU.Build.0 = Release|Any CPU
		{4F6B55BA-BA5D-46E3-9D99-F863F385660A}.Debug|Any CPU.ActiveCfg = Debug|Any CPU
		{4F6B55BA-BA5D-46E3-9D99-F863F385660A}.Debug|Any CPU.Build.0 = Debug|Any CPU
		{4F6B55BA-BA5D-46E3-9D99-F863F385660A}.Release|Any CPU.ActiveCfg = Release|Any CPU
		{4F6B55BA-BA5D-46E3-9D99-F863F385660A}.Release|Any CPU.Build.0 = Release|Any CPU
		{9EBC953E-0F23-4DA5-BCAB-DA9DC62EC1F4}.Debug|Any CPU.ActiveCfg = Debug|Any CPU
		{9EBC953E-0F23-4DA5-BCAB-DA9DC62EC1F4}.Debug|Any CPU.Build.0 = Debug|Any CPU
		{9EBC953E-0F23-4DA5-BCAB-DA9DC62EC1F4}.Release|Any CPU.ActiveCfg = Release|Any CPU
		{9EBC953E-0F23-4DA5-BCAB-DA9DC62EC1F4}.Release|Any CPU.Build.0 = Release|Any CPU
		{1DC52963-34FA-4006-8572-9BC69B88B0FF}.Debug|Any CPU.ActiveCfg = Debug|Any CPU
		{1DC52963-34FA-4006-8572-9BC69B88B0FF}.Debug|Any CPU.Build.0 = Debug|Any CPU
		{1DC52963-34FA-4006-8572-9BC69B88B0FF}.Release|Any CPU.ActiveCfg = Release|Any CPU
		{1DC52963-34FA-4006-8572-9BC69B88B0FF}.Release|Any CPU.Build.0 = Release|Any CPU
		{761336B4-FA71-4CC6-8ED0-FA78A69BC875}.Debug|Any CPU.ActiveCfg = Debug|Any CPU
		{761336B4-FA71-4CC6-8ED0-FA78A69BC875}.Debug|Any CPU.Build.0 = Debug|Any CPU
		{761336B4-FA71-4CC6-8ED0-FA78A69BC875}.Release|Any CPU.ActiveCfg = Release|Any CPU
		{761336B4-FA71-4CC6-8ED0-FA78A69BC875}.Release|Any CPU.Build.0 = Release|Any CPU
		{B6072CF9-AC5E-4C65-AD58-C1A6F736AC3F}.Debug|Any CPU.ActiveCfg = Debug|Any CPU
		{B6072CF9-AC5E-4C65-AD58-C1A6F736AC3F}.Debug|Any CPU.Build.0 = Debug|Any CPU
		{B6072CF9-AC5E-4C65-AD58-C1A6F736AC3F}.Release|Any CPU.ActiveCfg = Release|Any CPU
		{B6072CF9-AC5E-4C65-AD58-C1A6F736AC3F}.Release|Any CPU.Build.0 = Release|Any CPU
	EndGlobalSection
	GlobalSection(SolutionProperties) = preSolution
		HideSolutionNode = FALSE
	EndGlobalSection
	GlobalSection(ExtensibilityGlobals) = postSolution
		SolutionGuid = {9C8B7FE1-3ACD-4FE5-AC12-C3CE4CCE731C}
	EndGlobalSection
EndGlobal
